
Microsoft Visual Studio Solution File, Format Version 12.00
# Visual Studio Version 17
VisualStudioVersion = 17.5.002.0
MinimumVisualStudioVersion = 10.0.40219.1
Project("{9A19103F-16F7-4668-BE54-9A1E7A4F7556}") = "auebaGaleria", "auebaGaleria\auebaGaleria.csproj", "{670367E8-CCC6-4352-BA55-F573A3A159BB}"
EndProject
Global
	GlobalSection(SolutionConfigurationPlatforms) = preSolution
		Debug|Any CPU = Debug|Any CPU
		Release|Any CPU = Release|Any CPU
	EndGlobalSection
	GlobalSection(ProjectConfigurationPlatforms) = postSolution
		{670367E8-CCC6-4352-BA55-F573A3A159BB}.Debug|Any CPU.ActiveCfg = Debug|Any CPU
		{670367E8-CCC6-4352-BA55-F573A3A159BB}.Debug|Any CPU.Build.0 = Debug|Any CPU
		{670367E8-CCC6-4352-BA55-F573A3A159BB}.Release|Any CPU.ActiveCfg = Release|Any CPU
		{670367E8-CCC6-4352-BA55-F573A3A159BB}.Release|Any CPU.Build.0 = Release|Any CPU
	EndGlobalSection
	GlobalSection(SolutionProperties) = preSolution
		HideSolutionNode = FALSE
	EndGlobalSection
	GlobalSection(ExtensibilityGlobals) = postSolution
		SolutionGuid = {56354845-DD02-48A7-BE53-DA7789D0A04B}
	EndGlobalSection
EndGlobal
